
Microsoft Visual Studio Solution File, Format Version 12.00
# Visual Studio Version 17
VisualStudioVersion = 17.3.32922.545
MinimumVisualStudioVersion = 10.0.40219.1
Project("{9A19103F-16F7-4668-BE54-9A1E7A4F7556}") = "HelloWorld", "HelloWorld\HelloWorld.csproj", "{7778DF38-CCC1-4E71-B4F0-EE78F1850A9B}"
EndProject
Project("{9A19103F-16F7-4668-BE54-9A1E7A4F7556}") = "1 - OperadoresAritmetricos", "..\Operadores\1 - OperadoresAritmetricos.csproj", "{262B47F7-8B45-4372-AA33-DD553029A672}"
EndProject
Project("{9A19103F-16F7-4668-BE54-9A1E7A4F7556}") = "3 - OperadoresRelacionais", "..\OperadoresRelacionais\3 - OperadoresRelacionais.csproj", "{69B6545E-10D2-4D6B-A402-5EA98957CC43}"
EndProject
Project("{9A19103F-16F7-4668-BE54-9A1E7A4F7556}") = "2 - OperadoresLogicos", "..\OperadoresLogicos\2 - OperadoresLogicos.csproj", "{40FE928A-A857-4478-AB8B-0247DCBF0A58}"
EndProject
Project("{9A19103F-16F7-4668-BE54-9A1E7A4F7556}") = "1 - ManipulandoStrings", "..\ManipulandoStrings\1 - ManipulandoStrings.csproj", "{B8056562-A987-44B2-B723-D004F093A718}"
EndProject
Project("{9A19103F-16F7-4668-BE54-9A1E7A4F7556}") = "1 - CondicionalIF", "..\CondicionalIF\1 - CondicionalIF.csproj", "{7CAD76E6-6E4C-4A21-B766-B39F9C3FCD35}"
EndProject
Project("{9A19103F-16F7-4668-BE54-9A1E7A4F7556}") = "2 - CondicionalSwitch", "..\CondicionalSwitch\2 - CondicionalSwitch.csproj", "{E588BACA-42CF-4046-AF18-7347B1CF3054}"
EndProject
Project("{9A19103F-16F7-4668-BE54-9A1E7A4F7556}") = "3 - EstruturaWhile", "..\EstruturaWhile\3 - EstruturaWhile.csproj", "{AC5DA0B4-B9F8-49AF-8E0A-4EB607FB7D1E}"
EndProject
Project("{9A19103F-16F7-4668-BE54-9A1E7A4F7556}") = "1 - EstruturaFor", "..\EstruturaFor\1 - EstruturaFor.csproj", "{8084F39A-F5E6-4C3D-94D5-90AEA371A669}"
EndProject
Project("{9A19103F-16F7-4668-BE54-9A1E7A4F7556}") = "2 - EstruturaForeach", "..\EstruturaForeach\2 - EstruturaForeach.csproj", "{22172C1E-2D2C-422D-B9E3-B87D241E9770}"
EndProject
Project("{2150E333-8FDC-42A3-9474-1A3956D46DE8}") = "1 - Operadores", "1 - Operadores", "{D246A217-14FD-4C9E-82D6-6531858C6F4A}"
EndProject
Project("{2150E333-8FDC-42A3-9474-1A3956D46DE8}") = "2 - Manipulação de Strings", "2 - Manipulação de Strings", "{003BB1A3-5CC5-40CA-A807-B5B494C4C121}"
EndProject
Project("{2150E333-8FDC-42A3-9474-1A3956D46DE8}") = "3 - Condicionais", "3 - Condicionais", "{F4D1C6E7-2F76-48C3-BF9B-6E62BDF28604}"
EndProject
Project("{2150E333-8FDC-42A3-9474-1A3956D46DE8}") = "4 - Estrutura de repetição", "4 - Estrutura de repetição", "{3E0BE89B-EC09-4C09-A9E8-503CBA5948CA}"
EndProject
Project("{2150E333-8FDC-42A3-9474-1A3956D46DE8}") = "5 - Coleções", "5 - Coleções", "{E37501E5-7D94-44AC-996C-47DD81C974FA}"
EndProject
Project("{FAE04EC0-301F-11D3-BF4B-00C04F79EFBC}") = "1 - ArrayList", "..\ArrayList\1 - ArrayList.csproj", "{0BEF26C3-FFFD-4EDE-872E-45DE320E1C8D}"
EndProject
Project("{FAE04EC0-301F-11D3-BF4B-00C04F79EFBC}") = "2 - Dicionario", "..\Dicionario\2 - Dicionario.csproj", "{535344D0-1ED6-4A83-86E3-3DCC781ABE31}"
EndProject
Project("{FAE04EC0-301F-11D3-BF4B-00C04F79EFBC}") = "3 - Queue", "..\Queue\3 - Queue.csproj", "{02793230-A303-4113-81D5-72BF2251E157}"
EndProject
Global
	GlobalSection(SolutionConfigurationPlatforms) = preSolution
		Debug|Any CPU = Debug|Any CPU
		Release|Any CPU = Release|Any CPU
	EndGlobalSection
	GlobalSection(ProjectConfigurationPlatforms) = postSolution
		{7778DF38-CCC1-4E71-B4F0-EE78F1850A9B}.Debug|Any CPU.ActiveCfg = Debug|Any CPU
		{7778DF38-CCC1-4E71-B4F0-EE78F1850A9B}.Debug|Any CPU.Build.0 = Debug|Any CPU
		{7778DF38-CCC1-4E71-B4F0-EE78F1850A9B}.Release|Any CPU.ActiveCfg = Release|Any CPU
		{7778DF38-CCC1-4E71-B4F0-EE78F1850A9B}.Release|Any CPU.Build.0 = Release|Any CPU
		{262B47F7-8B45-4372-AA33-DD553029A672}.Debug|Any CPU.ActiveCfg = Debug|Any CPU
		{262B47F7-8B45-4372-AA33-DD553029A672}.Debug|Any CPU.Build.0 = Debug|Any CPU
		{262B47F7-8B45-4372-AA33-DD553029A672}.Release|Any CPU.ActiveCfg = Release|Any CPU
		{262B47F7-8B45-4372-AA33-DD553029A672}.Release|Any CPU.Build.0 = Release|Any CPU
		{69B6545E-10D2-4D6B-A402-5EA98957CC43}.Debug|Any CPU.ActiveCfg = Debug|Any CPU
		{69B6545E-10D2-4D6B-A402-5EA98957CC43}.Debug|Any CPU.Build.0 = Debug|Any CPU
		{69B6545E-10D2-4D6B-A402-5EA98957CC43}.Release|Any CPU.ActiveCfg = Release|Any CPU
		{69B6545E-10D2-4D6B-A402-5EA98957CC43}.Release|Any CPU.Build.0 = Release|Any CPU
		{40FE928A-A857-4478-AB8B-0247DCBF0A58}.Debug|Any CPU.ActiveCfg = Debug|Any CPU
		{40FE928A-A857-4478-AB8B-0247DCBF0A58}.Debug|Any CPU.Build.0 = Debug|Any CPU
		{40FE928A-A857-4478-AB8B-0247DCBF0A58}.Release|Any CPU.ActiveCfg = Release|Any CPU
		{40FE928A-A857-4478-AB8B-0247DCBF0A58}.Release|Any CPU.Build.0 = Release|Any CPU
		{B8056562-A987-44B2-B723-D004F093A718}.Debug|Any CPU.ActiveCfg = Debug|Any CPU
		{B8056562-A987-44B2-B723-D004F093A718}.Debug|Any CPU.Build.0 = Debug|Any CPU
		{B8056562-A987-44B2-B723-D004F093A718}.Release|Any CPU.ActiveCfg = Release|Any CPU
		{B8056562-A987-44B2-B723-D004F093A718}.Release|Any CPU.Build.0 = Release|Any CPU
		{7CAD76E6-6E4C-4A21-B766-B39F9C3FCD35}.Debug|Any CPU.ActiveCfg = Debug|Any CPU
		{7CAD76E6-6E4C-4A21-B766-B39F9C3FCD35}.Debug|Any CPU.Build.0 = Debug|Any CPU
		{7CAD76E6-6E4C-4A21-B766-B39F9C3FCD35}.Release|Any CPU.ActiveCfg = Release|Any CPU
		{7CAD76E6-6E4C-4A21-B766-B39F9C3FCD35}.Release|Any CPU.Build.0 = Release|Any CPU
		{E588BACA-42CF-4046-AF18-7347B1CF3054}.Debug|Any CPU.ActiveCfg = Debug|Any CPU
		{E588BACA-42CF-4046-AF18-7347B1CF3054}.Debug|Any CPU.Build.0 = Debug|Any CPU
		{E588BACA-42CF-4046-AF18-7347B1CF3054}.Release|Any CPU.ActiveCfg = Release|Any CPU
		{E588BACA-42CF-4046-AF18-7347B1CF3054}.Release|Any CPU.Build.0 = Release|Any CPU
		{AC5DA0B4-B9F8-49AF-8E0A-4EB607FB7D1E}.Debug|Any CPU.ActiveCfg = Debug|Any CPU
		{AC5DA0B4-B9F8-49AF-8E0A-4EB607FB7D1E}.Debug|Any CPU.Build.0 = Debug|Any CPU
		{AC5DA0B4-B9F8-49AF-8E0A-4EB607FB7D1E}.Release|Any CPU.ActiveCfg = Release|Any CPU
		{AC5DA0B4-B9F8-49AF-8E0A-4EB607FB7D1E}.Release|Any CPU.Build.0 = Release|Any CPU
		{8084F39A-F5E6-4C3D-94D5-90AEA371A669}.Debug|Any CPU.ActiveCfg = Debug|Any CPU
		{8084F39A-F5E6-4C3D-94D5-90AEA371A669}.Debug|Any CPU.Build.0 = Debug|Any CPU
		{8084F39A-F5E6-4C3D-94D5-90AEA371A669}.Release|Any CPU.ActiveCfg = Release|Any CPU
		{8084F39A-F5E6-4C3D-94D5-90AEA371A669}.Release|Any CPU.Build.0 = Release|Any CPU
		{22172C1E-2D2C-422D-B9E3-B87D241E9770}.Debug|Any CPU.ActiveCfg = Debug|Any CPU
		{22172C1E-2D2C-422D-B9E3-B87D241E9770}.Debug|Any CPU.Build.0 = Debug|Any CPU
		{22172C1E-2D2C-422D-B9E3-B87D241E9770}.Release|Any CPU.ActiveCfg = Release|Any CPU
		{22172C1E-2D2C-422D-B9E3-B87D241E9770}.Release|Any CPU.Build.0 = Release|Any CPU
		{0BEF26C3-FFFD-4EDE-872E-45DE320E1C8D}.Debug|Any CPU.ActiveCfg = Debug|Any CPU
		{0BEF26C3-FFFD-4EDE-872E-45DE320E1C8D}.Debug|Any CPU.Build.0 = Debug|Any CPU
		{0BEF26C3-FFFD-4EDE-872E-45DE320E1C8D}.Release|Any CPU.ActiveCfg = Release|Any CPU
		{0BEF26C3-FFFD-4EDE-872E-45DE320E1C8D}.Release|Any CPU.Build.0 = Release|Any CPU
		{535344D0-1ED6-4A83-86E3-3DCC781ABE31}.Debug|Any CPU.ActiveCfg = Debug|Any CPU
		{535344D0-1ED6-4A83-86E3-3DCC781ABE31}.Debug|Any CPU.Build.0 = Debug|Any CPU
		{535344D0-1ED6-4A83-86E3-3DCC781ABE31}.Release|Any CPU.ActiveCfg = Release|Any CPU
		{535344D0-1ED6-4A83-86E3-3DCC781ABE31}.Release|Any CPU.Build.0 = Release|Any CPU
		{02793230-A303-4113-81D5-72BF2251E157}.Debug|Any CPU.ActiveCfg = Debug|Any CPU
		{02793230-A303-4113-81D5-72BF2251E157}.Debug|Any CPU.Build.0 = Debug|Any CPU
		{02793230-A303-4113-81D5-72BF2251E157}.Release|Any CPU.ActiveCfg = Release|Any CPU
		{02793230-A303-4113-81D5-72BF2251E157}.Release|Any CPU.Build.0 = Release|Any CPU
	EndGlobalSection
	GlobalSection(SolutionProperties) = preSolution
		HideSolutionNode = FALSE
	EndGlobalSection
	GlobalSection(NestedProjects) = preSolution
		{262B47F7-8B45-4372-AA33-DD553029A672} = {D246A217-14FD-4C9E-82D6-6531858C6F4A}
		{69B6545E-10D2-4D6B-A402-5EA98957CC43} = {D246A217-14FD-4C9E-82D6-6531858C6F4A}
		{40FE928A-A857-4478-AB8B-0247DCBF0A58} = {D246A217-14FD-4C9E-82D6-6531858C6F4A}
		{B8056562-A987-44B2-B723-D004F093A718} = {003BB1A3-5CC5-40CA-A807-B5B494C4C121}
		{7CAD76E6-6E4C-4A21-B766-B39F9C3FCD35} = {F4D1C6E7-2F76-48C3-BF9B-6E62BDF28604}
		{E588BACA-42CF-4046-AF18-7347B1CF3054} = {F4D1C6E7-2F76-48C3-BF9B-6E62BDF28604}
		{AC5DA0B4-B9F8-49AF-8E0A-4EB607FB7D1E} = {3E0BE89B-EC09-4C09-A9E8-503CBA5948CA}
		{8084F39A-F5E6-4C3D-94D5-90AEA371A669} = {3E0BE89B-EC09-4C09-A9E8-503CBA5948CA}
		{22172C1E-2D2C-422D-B9E3-B87D241E9770} = {3E0BE89B-EC09-4C09-A9E8-503CBA5948CA}
		{0BEF26C3-FFFD-4EDE-872E-45DE320E1C8D} = {E37501E5-7D94-44AC-996C-47DD81C974FA}
		{535344D0-1ED6-4A83-86E3-3DCC781ABE31} = {E37501E5-7D94-44AC-996C-47DD81C974FA}
		{02793230-A303-4113-81D5-72BF2251E157} = {E37501E5-7D94-44AC-996C-47DD81C974FA}
	EndGlobalSection
	GlobalSection(ExtensibilityGlobals) = postSolution
		SolutionGuid = {9A5336AE-C2CD-4FE3-8486-5C66167840FB}
	EndGlobalSection
EndGlobal
